
Microsoft Visual Studio Solution File, Format Version 12.00
# Visual Studio Version 17
VisualStudioVersion = 17.3.32929.385
MinimumVisualStudioVersion = 10.0.40219.1
Project("{FAE04EC0-301F-11D3-BF4B-00C04F79EFBC}") = "BasicAPI", "BasicAPI\BasicAPI.csproj", "{2A1EBE0F-F88B-4978-8E0B-C609A99C6C59}"
EndProject
Global
	GlobalSection(SolutionConfigurationPlatforms) = preSolution
		Debug|Any CPU = Debug|Any CPU
		Release|Any CPU = Release|Any CPU
	EndGlobalSection
	GlobalSection(ProjectConfigurationPlatforms) = postSolution
		{2A1EBE0F-F88B-4978-8E0B-C609A99C6C59}.Debug|Any CPU.ActiveCfg = Debug|Any CPU
		{2A1EBE0F-F88B-4978-8E0B-C609A99C6C59}.Debug|Any CPU.Build.0 = Debug|Any CPU
		{2A1EBE0F-F88B-4978-8E0B-C609A99C6C59}.Release|Any CPU.ActiveCfg = Release|Any CPU
		{2A1EBE0F-F88B-4978-8E0B-C609A99C6C59}.Release|Any CPU.Build.0 = Release|Any CPU
	EndGlobalSection
	GlobalSection(SolutionProperties) = preSolution
		HideSolutionNode = FALSE
	EndGlobalSection
	GlobalSection(ExtensibilityGlobals) = postSolution
		SolutionGuid = {015FF2EB-203C-4F42-96E1-8E3520FFF769}
	EndGlobalSection
EndGlobal
